Microsoft Visual Studio Solution File, Format Version 12.00
# Visual Studio Version 17
VisualStudioVersion = 17.5.2.0
MinimumVisualStudioVersion = 10.0.40219.1
Project("{FAE04EC0-301F-11D3-BF4B-00C04F79EFBC}") = "portfolio-backend", "portfolio-backend.csproj", "{A469F048-5156-5CFF-6234-FA6FED818537}"
EndProject
Global
	GlobalSection(SolutionConfigurationPlatforms) = preSolution
		Debug|Any CPU = Debug|Any CPU
		Release|Any CPU = Release|Any CPU
	EndGlobalSection
	GlobalSection(ProjectConfigurationPlatforms) = postSolution
		{A469F048-5156-5CFF-6234-FA6FED818537}.Debug|Any CPU.ActiveCfg = Debug|Any CPU
		{A469F048-5156-5CFF-6234-FA6FED818537}.Debug|Any CPU.Build.0 = Debug|Any CPU
		{A469F048-5156-5CFF-6234-FA6FED818537}.Release|Any CPU.ActiveCfg = Release|Any CPU
		{A469F048-5156-5CFF-6234-FA6FED818537}.Release|Any CPU.Build.0 = Release|Any CPU
	EndGlobalSection
	GlobalSection(SolutionProperties) = preSolution
		HideSolutionNode = FALSE
	EndGlobalSection
	GlobalSection(ExtensibilityGlobals) = postSolution
		SolutionGuid = {C8FD064B-D1FD-4A27-952F-95770199FA66}
	EndGlobalSection
EndGlobal
